
Microsoft Visual Studio Solution File, Format Version 12.00
# Visual Studio Version 16
VisualStudioVersion = 16.0.31829.152
MinimumVisualStudioVersion = 10.0.40219.1
Project("{9A19103F-16F7-4668-BE54-9A1E7A4F7556}") = "AudioOutputIndicator", "AudioOutputIndicator\AudioOutputIndicator.csproj", "{C38887EF-2FCC-4C75-ABDD-BDFDAF093E07}"
EndProject
Project("{930C7802-8A8C-48F9-8165-68863BCCD9DD}") = "WixInstaller", "WixInstaller\WixInstaller.wixproj", "{7B8EB8B1-BE38-4685-9928-8C6B71EC5DA4}"
EndProject
Global
	GlobalSection(SolutionConfigurationPlatforms) = preSolution
		Debug|Any CPU = Debug|Any CPU
		Debug|x86 = Debug|x86
		Release|Any CPU = Release|Any CPU
		Release|x86 = Release|x86
	EndGlobalSection
	GlobalSection(ProjectConfigurationPlatforms) = postSolution
		{C38887EF-2FCC-4C75-ABDD-BDFDAF093E07}.Debug|Any CPU.ActiveCfg = Debug|Any CPU
		{C38887EF-2FCC-4C75-ABDD-BDFDAF093E07}.Debug|Any CPU.Build.0 = Debug|Any CPU
		{C38887EF-2FCC-4C75-ABDD-BDFDAF093E07}.Debug|x86.ActiveCfg = Debug|Any CPU
		{C38887EF-2FCC-4C75-ABDD-BDFDAF093E07}.Debug|x86.Build.0 = Debug|Any CPU
		{C38887EF-2FCC-4C75-ABDD-BDFDAF093E07}.Release|Any CPU.ActiveCfg = Release|Any CPU
		{C38887EF-2FCC-4C75-ABDD-BDFDAF093E07}.Release|Any CPU.Build.0 = Release|Any CPU
		{C38887EF-2FCC-4C75-ABDD-BDFDAF093E07}.Release|x86.ActiveCfg = Release|Any CPU
		{C38887EF-2FCC-4C75-ABDD-BDFDAF093E07}.Release|x86.Build.0 = Release|Any CPU
		{7B8EB8B1-BE38-4685-9928-8C6B71EC5DA4}.Debug|Any CPU.ActiveCfg = Debug|x86
		{7B8EB8B1-BE38-4685-9928-8C6B71EC5DA4}.Debug|x86.ActiveCfg = Debug|x86
		{7B8EB8B1-BE38-4685-9928-8C6B71EC5DA4}.Debug|x86.Build.0 = Debug|x86
		{7B8EB8B1-BE38-4685-9928-8C6B71EC5DA4}.Release|Any CPU.ActiveCfg = Release|x86
		{7B8EB8B1-BE38-4685-9928-8C6B71EC5DA4}.Release|x86.ActiveCfg = Release|x86
		{7B8EB8B1-BE38-4685-9928-8C6B71EC5DA4}.Release|x86.Build.0 = Release|x86
	EndGlobalSection
	GlobalSection(SolutionProperties) = preSolution
		HideSolutionNode = FALSE
	EndGlobalSection
	GlobalSection(ExtensibilityGlobals) = postSolution
		SolutionGuid = {CD9158E5-645C-4A77-8D85-6291B4A335A3}
	EndGlobalSection
EndGlobal
